
Microsoft Visual Studio Solution File, Format Version 12.00
# Visual Studio 14
VisualStudioVersion = 14.0.23107.0
MinimumVisualStudioVersion = 10.0.40219.1
Project("{FAE04EC0-301F-11D3-BF4B-00C04F79EFBC}") = "UnityContrib.UnityEngine", "UnityContrib.UnityEngine\UnityContrib.UnityEngine.csproj", "{2FE49B64-F39A-400A-8EF1-05E5384DC126}"
EndProject
Project("{FAE04EC0-301F-11D3-BF4B-00C04F79EFBC}") = "UnityContrib.UnityEditor", "UnityContrib.UnityEditor\UnityContrib.UnityEditor.csproj", "{A2C8F204-D451-4AE5-8BD9-CDF510C6ECBB}"
EndProject
Global
	GlobalSection(SolutionConfigurationPlatforms) = preSolution
		Debug|Any CPU = Debug|Any CPU
		Release|Any CPU = Release|Any CPU
	EndGlobalSection
	GlobalSection(ProjectConfigurationPlatforms) = postSolution
		{2FE49B64-F39A-400A-8EF1-05E5384DC126}.Debug|Any CPU.ActiveCfg = Debug|Any CPU
		{2FE49B64-F39A-400A-8EF1-05E5384DC126}.Debug|Any CPU.Build.0 = Debug|Any CPU
		{2FE49B64-F39A-400A-8EF1-05E5384DC126}.Release|Any CPU.ActiveCfg = Release|Any CPU
		{2FE49B64-F39A-400A-8EF1-05E5384DC126}.Release|Any CPU.Build.0 = Release|Any CPU
		{A2C8F204-D451-4AE5-8BD9-CDF510C6ECBB}.Debug|Any CPU.ActiveCfg = Debug|Any CPU
		{A2C8F204-D451-4AE5-8BD9-CDF510C6ECBB}.Debug|Any CPU.Build.0 = Debug|Any CPU
		{A2C8F204-D451-4AE5-8BD9-CDF510C6ECBB}.Release|Any CPU.ActiveCfg = Release|Any CPU
		{A2C8F204-D451-4AE5-8BD9-CDF510C6ECBB}.Release|Any CPU.Build.0 = Release|Any CPU
	EndGlobalSection
	GlobalSection(SolutionProperties) = preSolution
		HideSolutionNode = FALSE
	EndGlobalSection
EndGlobal
